<Solution>
  <Project Path="EX01/EX01.csproj" />
  <Project Path="EX02/EX02.csproj" />
  <Project Path="EX03/EX03.csproj" Id="78e27d47-6c63-4c60-b357-7a5b3e45a5da" />
  <Project Path="EX04/EX04.csproj" Id="0ece9e73-7947-452a-96a1-9c8139ee9aef" />
  <Project Path="EX05/EX05.csproj" Id="3b3c720f-6318-40b8-8bba-6b8689f0015f" />
  <Project Path="EX06/EX06.csproj" Id="f627d331-3831-4284-bac0-fe0aa40d951f" />
  <Project Path="EX07/EX07.csproj" Id="73d4042b-2fef-4cd8-9678-bb437f622564" />
  <Project Path="EX08/EX08.csproj" Id="ad76ed65-7f73-443b-a96e-29e8fac72c40" />
  <Project Path="EX09/EX09.csproj" Id="ae76480e-ad22-4c98-a6a3-360b69ea5a96" />
  <Project Path="EX10/EX10.csproj" Id="c2fb05d8-7ca9-4703-b75e-adc331ac934b" />
</Solution>
